// !$*UTF8*$!
{
	archiveVersion = 1;
	classes = {
	};
	objectVersion = 56;
	objects = {

/* Begin PBXBuildFile section */
		428BC3D8292B07DB00641648 /* GradebookDetailView.swift in Sources */ = {isa = PBXBuildFile; fileRef = 428BC3D7292B07DB00641648 /* GradebookDetailView.swift */; };
		428CFA90292C6D5300CB6873 /* Main-Logo-Clipped.png in Resources */ = {isa = PBXBuildFile; fileRef = 428CFA8F292C6D5300CB6873 /* Main-Logo-Clipped.png */; };
		42A9B07E2929E86A00B76DDE /* ForgotPasswordView.swift in Sources */ = {isa = PBXBuildFile; fileRef = 42A9B07C2929E84900B76DDE /* ForgotPasswordView.swift */; };
		42A9B07F2929E86A00B76DDE /* LoginView.swift in Sources */ = {isa = PBXBuildFile; fileRef = 42A9B07D2929E84900B76DDE /* LoginView.swift */; };
		42A9B0832929E88200B76DDE /* CustomTextField.swift in Sources */ = {isa = PBXBuildFile; fileRef = 42A9B0822929E88000B76DDE /* CustomTextField.swift */; };
		42A9B0842929E88200B76DDE /* Modifiers.swift in Sources */ = {isa = PBXBuildFile; fileRef = 42A9B0812929E88000B76DDE /* Modifiers.swift */; };
		42A9B0862929E8FE00B76DDE /* UserPreferencesManager.swift in Sources */ = {isa = PBXBuildFile; fileRef = 42A9B0852929E8FE00B76DDE /* UserPreferencesManager.swift */; };
		42A9B08E292A042A00B76DDE /* HomeView.swift in Sources */ = {isa = PBXBuildFile; fileRef = 42A9B08D292A041F00B76DDE /* HomeView.swift */; };
		42A9B08F292A042A00B76DDE /* GradeView.swift in Sources */ = {isa = PBXBuildFile; fileRef = 42A9B089292A041F00B76DDE /* GradeView.swift */; };
		42A9B090292A043D00B76DDE /* MainView.swift in Sources */ = {isa = PBXBuildFile; fileRef = 42A9B08A292A041F00B76DDE /* MainView.swift */; };
		42B44C752929D98A00DB5771 /* KeychainManager.swift in Sources */ = {isa = PBXBuildFile; fileRef = 42B44C742929D98A00DB5771 /* KeychainManager.swift */; };
		42B44C782929E19700DB5771 /* AeriesKit in Frameworks */ = {isa = PBXBuildFile; productRef = 42B44C772929E19700DB5771 /* AeriesKit */; };
		42B44C7A2929E1AE00DB5771 /* AuthenticationManager.swift in Sources */ = {isa = PBXBuildFile; fileRef = 42B44C792929E1AE00DB5771 /* AuthenticationManager.swift */; };
		42B44C7D2929E1F100DB5771 /* AeriesViewModel.swift in Sources */ = {isa = PBXBuildFile; fileRef = 42B44C7C2929E1F100DB5771 /* AeriesViewModel.swift */; };
		42BCD929292B528600A257D1 /* Popovers in Frameworks */ = {isa = PBXBuildFile; productRef = 42BCD928292B528600A257D1 /* Popovers */; };
		42BCD92C292B530800A257D1 /* OnboardingView.swift in Sources */ = {isa = PBXBuildFile; fileRef = 42BCD92B292B530800A257D1 /* OnboardingView.swift */; };
		B517AA4E2929B843006D6579 /* OpusAeriesApp.swift in Sources */ = {isa = PBXBuildFile; fileRef = B517AA4D2929B843006D6579 /* OpusAeriesApp.swift */; };
		B517AA502929B843006D6579 /* ContentView.swift in Sources */ = {isa = PBXBuildFile; fileRef = B517AA4F2929B843006D6579 /* ContentView.swift */; };
		B517AA522929B844006D6579 /* Assets.xcassets in Resources */ = {isa = PBXBuildFile; fileRef = B517AA512929B844006D6579 /* Assets.xcassets */; };
		B517AA562929B844006D6579 /* Preview Assets.xcassets in Resources */ = {isa = PBXBuildFile; fileRef = B517AA552929B844006D6579 /* Preview Assets.xcassets */; };
/* End PBXBuildFile section */

/* Begin PBXFileReference section */
		428BC3D7292B07DB00641648 /* GradebookDetailView.swift */ = {isa = PBXFileReference; lastKnownFileType = sourcecode.swift; path = GradebookDetailView.swift; sourceTree = "<group>"; };
		428CFA8F292C6D5300CB6873 /* Main-Logo-Clipped.png */ = {isa = PBXFileReference; lastKnownFileType = image.png; path = "Main-Logo-Clipped.png"; sourceTree = "<group>"; };
		42A9B07C2929E84900B76DDE /* ForgotPasswordView.swift */ = {isa = PBXFileReference; lastKnownFileType = sourcecode.swift; path = ForgotPasswordView.swift; sourceTree = "<group>"; };
		42A9B07D2929E84900B76DDE /* LoginView.swift */ = {isa = PBXFileReference; lastKnownFileType = sourcecode.swift; path = LoginView.swift; sourceTree = "<group>"; };
		42A9B0812929E88000B76DDE /* Modifiers.swift */ = {isa = PBXFileReference; lastKnownFileType = sourcecode.swift; path = Modifiers.swift; sourceTree = "<group>"; };
		42A9B0822929E88000B76DDE /* CustomTextField.swift */ = {isa = PBXFileReference; lastKnownFileType = sourcecode.swift; path = CustomTextField.swift; sourceTree = "<group>"; };
		42A9B0852929E8FE00B76DDE /* UserPreferencesManager.swift */ = {isa = PBXFileReference; lastKnownFileType = sourcecode.swift; path = UserPreferencesManager.swift; sourceTree = "<group>"; };
		42A9B089292A041F00B76DDE /* GradeView.swift */ = {isa = PBXFileReference; lastKnownFileType = sourcecode.swift; path = GradeView.swift; sourceTree = "<group>"; };
		42A9B08A292A041F00B76DDE /* MainView.swift */ = {isa = PBXFileReference; lastKnownFileType = sourcecode.swift; path = MainView.swift; sourceTree = "<group>"; };
		42A9B08D292A041F00B76DDE /* HomeView.swift */ = {isa = PBXFileReference; lastKnownFileType = sourcecode.swift; path = HomeView.swift; sourceTree = "<group>"; };
		42B44C6D2929D6A800DB5771 /* README.md */ = {isa = PBXFileReference; lastKnownFileType = net.daringfireball.markdown; path = README.md; sourceTree = "<group>"; };
		42B44C6E2929D6FB00DB5771 /* LICENSE.md */ = {isa = PBXFileReference; lastKnownFileType = net.daringfireball.markdown; path = LICENSE.md; sourceTree = "<group>"; };
		42B44C742929D98A00DB5771 /* KeychainManager.swift */ = {isa = PBXFileReference; lastKnownFileType = sourcecode.swift; path = KeychainManager.swift; sourceTree = "<group>"; };
		42B44C792929E1AE00DB5771 /* AuthenticationManager.swift */ = {isa = PBXFileReference; lastKnownFileType = sourcecode.swift; path = AuthenticationManager.swift; sourceTree = "<group>"; };
		42B44C7C2929E1F100DB5771 /* AeriesViewModel.swift */ = {isa = PBXFileReference; lastKnownFileType = sourcecode.swift; path = AeriesViewModel.swift; sourceTree = "<group>"; };
		42BCD92B292B530800A257D1 /* OnboardingView.swift */ = {isa = PBXFileReference; fileEncoding = 4; lastKnownFileType = sourcecode.swift; path = OnboardingView.swift; sourceTree = "<group>"; };
		B517AA4A2929B843006D6579 /* OpusAeries.app */ = {isa = PBXFileReference; explicitFileType = wrapper.application; includeInIndex = 0; path = OpusAeries.app; sourceTree = BUILT_PRODUCTS_DIR; };
		B517AA4D2929B843006D6579 /* OpusAeriesApp.swift */ = {isa = PBXFileReference; lastKnownFileType = sourcecode.swift; path = OpusAeriesApp.swift; sourceTree = "<group>"; };
		B517AA4F2929B843006D6579 /* ContentView.swift */ = {isa = PBXFileReference; lastKnownFileType = sourcecode.swift; path = ContentView.swift; sourceTree = "<group>"; };
		B517AA512929B844006D6579 /* Assets.xcassets */ = {isa = PBXFileReference; lastKnownFileType = folder.assetcatalog; path = Assets.xcassets; sourceTree = "<group>"; };
		B517AA552929B844006D6579 /* Preview Assets.xcassets */ = {isa = PBXFileReference; lastKnownFileType = folder.assetcatalog; path = "Preview Assets.xcassets"; sourceTree = "<group>"; };
/* End PBXFileReference section */

/* Begin PBXFrameworksBuildPhase section */
		B517AA472929B843006D6579 /* Frameworks */ = {
			isa = PBXFrameworksBuildPhase;
			buildActionMask = 2147483647;
			files = (
				42BCD929292B528600A257D1 /* Popovers in Frameworks */,
				42B44C782929E19700DB5771 /* AeriesKit in Frameworks */,
			);
			runOnlyForDeploymentPostprocessing = 0;
		};
/* End PBXFrameworksBuildPhase section */

/* Begin PBXGroup section */
		42A9B07B2929E83E00B76DDE /* Login */ = {
			isa = PBXGroup;
			children = (
				42BCD92A292B52DD00A257D1 /* Onboarding */,
				42A9B07C2929E84900B76DDE /* ForgotPasswordView.swift */,
				42A9B07D2929E84900B76DDE /* LoginView.swift */,
			);
			path = Login;
			sourceTree = "<group>";
		};
		42A9B0802929E87300B76DDE /* Other */ = {
			isa = PBXGroup;
			children = (
				42A9B0822929E88000B76DDE /* CustomTextField.swift */,
				42A9B0812929E88000B76DDE /* Modifiers.swift */,
			);
			path = Other;
			sourceTree = "<group>";
		};
		42A9B087292A03FF00B76DDE /* Main */ = {
			isa = PBXGroup;
			children = (
				42A9B08B292A041F00B76DDE /* Attendance */,
				42A9B088292A041F00B76DDE /* Grades */,
				42A9B08C292A041F00B76DDE /* Home */,
				42A9B08A292A041F00B76DDE /* MainView.swift */,
			);
			path = Main;
			sourceTree = "<group>";
		};
		42A9B088292A041F00B76DDE /* Grades */ = {
			isa = PBXGroup;
			children = (
				42A9B089292A041F00B76DDE /* GradeView.swift */,
				428BC3D7292B07DB00641648 /* GradebookDetailView.swift */,
			);
			path = Grades;
			sourceTree = "<group>";
		};
		42A9B08B292A041F00B76DDE /* Attendance */ = {
			isa = PBXGroup;
			children = (
			);
			path = Attendance;
			sourceTree = "<group>";
		};
		42A9B08C292A041F00B76DDE /* Home */ = {
			isa = PBXGroup;
			children = (
				42A9B08D292A041F00B76DDE /* HomeView.swift */,
			);
			path = Home;
			sourceTree = "<group>";
		};
		42B44C6F2929D72700DB5771 /* Assets */ = {
			isa = PBXGroup;
			children = (
				428CFA8F292C6D5300CB6873 /* Main-Logo-Clipped.png */,
			);
			path = Assets;
			sourceTree = "<group>";
		};
		42B44C722929D97500DB5771 /* Views */ = {
			isa = PBXGroup;
			children = (
				42A9B0802929E87300B76DDE /* Other */,
				42A9B07B2929E83E00B76DDE /* Login */,
				42A9B087292A03FF00B76DDE /* Main */,
				B517AA4F2929B843006D6579 /* ContentView.swift */,
			);
			path = Views;
			sourceTree = "<group>";
		};
		42B44C732929D98000DB5771 /* Managers */ = {
			isa = PBXGroup;
			children = (
				42B44C742929D98A00DB5771 /* KeychainManager.swift */,
				42B44C792929E1AE00DB5771 /* AuthenticationManager.swift */,
				42A9B0852929E8FE00B76DDE /* UserPreferencesManager.swift */,
			);
			path = Managers;
			sourceTree = "<group>";
		};
		42B44C7B2929E1D300DB5771 /* ViewModels */ = {
			isa = PBXGroup;
			children = (
				42B44C7C2929E1F100DB5771 /* AeriesViewModel.swift */,
			);
			path = ViewModels;
			sourceTree = "<group>";
		};
		42BCD92A292B52DD00A257D1 /* Onboarding */ = {
			isa = PBXGroup;
			children = (
				42BCD92B292B530800A257D1 /* OnboardingView.swift */,
			);
			path = Onboarding;
			sourceTree = "<group>";
		};
		B517AA412929B843006D6579 = {
			isa = PBXGroup;
			children = (
				42B44C6E2929D6FB00DB5771 /* LICENSE.md */,
				42B44C6D2929D6A800DB5771 /* README.md */,
				42B44C6F2929D72700DB5771 /* Assets */,
				B517AA4C2929B843006D6579 /* OpusAeries */,
				B517AA4B2929B843006D6579 /* Products */,
			);
			sourceTree = "<group>";
		};
		B517AA4B2929B843006D6579 /* Products */ = {
			isa = PBXGroup;
			children = (
				B517AA4A2929B843006D6579 /* OpusAeries.app */,
			);
			name = Products;
			sourceTree = "<group>";
		};
		B517AA4C2929B843006D6579 /* OpusAeries */ = {
			isa = PBXGroup;
			children = (
				42B44C7B2929E1D300DB5771 /* ViewModels */,
				42B44C732929D98000DB5771 /* Managers */,
				42B44C722929D97500DB5771 /* Views */,
				B517AA4D2929B843006D6579 /* OpusAeriesApp.swift */,
				B517AA512929B844006D6579 /* Assets.xcassets */,
				B517AA542929B844006D6579 /* Preview Content */,
			);
			path = OpusAeries;
			sourceTree = "<group>";
		};
		B517AA542929B844006D6579 /* Preview Content */ = {
			isa = PBXGroup;
			children = (
				B517AA552929B844006D6579 /* Preview Assets.xcassets */,
			);
			path = "Preview Content";
			sourceTree = "<group>";
		};
/* End PBXGroup section */

/* Begin PBXNativeTarget section */
		B517AA492929B843006D6579 /* OpusAeries */ = {
			isa = PBXNativeTarget;
			buildConfigurationList = B517AA6F2929B844006D6579 /* Build configuration list for PBXNativeTarget "OpusAeries" */;
			buildPhases = (
				B517AA462929B843006D6579 /* Sources */,
				B517AA472929B843006D6579 /* Frameworks */,
				B517AA482929B843006D6579 /* Resources */,
			);
			buildRules = (
			);
			dependencies = (
			);
			name = OpusAeries;
			packageProductDependencies = (
				42B44C772929E19700DB5771 /* AeriesKit */,
				42BCD928292B528600A257D1 /* Popovers */,
			);
			productName = OpusAeries;
			productReference = B517AA4A2929B843006D6579 /* OpusAeries.app */;
			productType = "com.apple.product-type.application";
		};
/* End PBXNativeTarget section */

/* Begin PBXProject section */
		B517AA422929B843006D6579 /* Project object */ = {
			isa = PBXProject;
			attributes = {
				BuildIndependentTargetsInParallel = 1;
				LastSwiftUpdateCheck = 1410;
				LastUpgradeCheck = 1410;
				TargetAttributes = {
					B517AA492929B843006D6579 = {
						CreatedOnToolsVersion = 14.1;
					};
				};
			};
			buildConfigurationList = B517AA452929B843006D6579 /* Build configuration list for PBXProject "OpusAeries" */;
			compatibilityVersion = "Xcode 14.0";
			developmentRegion = en;
			hasScannedForEncodings = 0;
			knownRegions = (
				en,
				Base,
			);
			mainGroup = B517AA412929B843006D6579;
			packageReferences = (
				42B44C762929E19700DB5771 /* XCRemoteSwiftPackageReference "AeriesKit" */,
				42BCD927292B528600A257D1 /* XCRemoteSwiftPackageReference "Popovers" */,
			);
			productRefGroup = B517AA4B2929B843006D6579 /* Products */;
			projectDirPath = "";
			projectRoot = "";
			targets = (
				B517AA492929B843006D6579 /* OpusAeries */,
			);
		};
/* End PBXProject section */

/* Begin PBXResourcesBuildPhase section */
		B517AA482929B843006D6579 /* Resources */ = {
			isa = PBXResourcesBuildPhase;
			buildActionMask = 2147483647;
			files = (
				B517AA562929B844006D6579 /* Preview Assets.xcassets in Resources */,
				428CFA90292C6D5300CB6873 /* Main-Logo-Clipped.png in Resources */,
				B517AA522929B844006D6579 /* Assets.xcassets in Resources */,
			);
			runOnlyForDeploymentPostprocessing = 0;
		};
/* End PBXResourcesBuildPhase section */

/* Begin PBXSourcesBuildPhase section */
		B517AA462929B843006D6579 /* Sources */ = {
			isa = PBXSourcesBuildPhase;
			buildActionMask = 2147483647;
			files = (
				42B44C7D2929E1F100DB5771 /* AeriesViewModel.swift in Sources */,
				42A9B090292A043D00B76DDE /* MainView.swift in Sources */,
				42A9B07F2929E86A00B76DDE /* LoginView.swift in Sources */,
				B517AA502929B843006D6579 /* ContentView.swift in Sources */,
				42B44C7A2929E1AE00DB5771 /* AuthenticationManager.swift in Sources */,
				42A9B0832929E88200B76DDE /* CustomTextField.swift in Sources */,
				428BC3D8292B07DB00641648 /* GradebookDetailView.swift in Sources */,
				42A9B08E292A042A00B76DDE /* HomeView.swift in Sources */,
				42BCD92C292B530800A257D1 /* OnboardingView.swift in Sources */,
				42B44C752929D98A00DB5771 /* KeychainManager.swift in Sources */,
				42A9B07E2929E86A00B76DDE /* ForgotPasswordView.swift in Sources */,
				42A9B08F292A042A00B76DDE /* GradeView.swift in Sources */,
				42A9B0862929E8FE00B76DDE /* UserPreferencesManager.swift in Sources */,
				42A9B0842929E88200B76DDE /* Modifiers.swift in Sources */,
				B517AA4E2929B843006D6579 /* OpusAeriesApp.swift in Sources */,
			);
			runOnlyForDeploymentPostprocessing = 0;
		};
/* End PBXSourcesBuildPhase section */

/* Begin XCBuildConfiguration section */
		B517AA6D2929B844006D6579 /* Debug */ = {
			isa = XCBuildConfiguration;
			buildSettings = {
				ALWAYS_SEARCH_USER_PATHS = NO;
				CLANG_ANALYZER_NONNULL = YES;
				CLANG_ANALYZER_NUMBER_OBJECT_CONVERSION = YES_AGGRESSIVE;
				CLANG_CXX_LANGUAGE_STANDARD = "gnu++20";
				CLANG_ENABLE_MODULES = YES;
				CLANG_ENABLE_OBJC_ARC = YES;
				CLANG_ENABLE_OBJC_WEAK = YES;
				CLANG_WARN_BLOCK_CAPTURE_AUTORELEASING = YES;
				CLANG_WARN_BOOL_CONVERSION = YES;
				CLANG_WARN_COMMA = YES;
				CLANG_WARN_CONSTANT_CONVERSION = YES;
				CLANG_WARN_DEPRECATED_OBJC_IMPLEMENTATIONS = YES;
				CLANG_WARN_DIRECT_OBJC_ISA_USAGE = YES_ERROR;
				CLANG_WARN_DOCUMENTATION_COMMENTS = YES;
				CLANG_WARN_EMPTY_BODY = YES;
				CLANG_WARN_ENUM_CONVERSION = YES;
				CLANG_WARN_INFINITE_RECURSION = YES;
				CLANG_WARN_INT_CONVERSION = YES;
				CLANG_WARN_NON_LITERAL_NULL_CONVERSION = YES;
				CLANG_WARN_OBJC_IMPLICIT_RETAIN_SELF = YES;
				CLANG_WARN_OBJC_LITERAL_CONVERSION = YES;
				CLANG_WARN_OBJC_ROOT_CLASS = YES_ERROR;
				CLANG_WARN_QUOTED_INCLUDE_IN_FRAMEWORK_HEADER = YES;
				CLANG_WARN_RANGE_LOOP_ANALYSIS = YES;
				CLANG_WARN_STRICT_PROTOTYPES = YES;
				CLANG_WARN_SUSPICIOUS_MOVE = YES;
				CLANG_WARN_UNGUARDED_AVAILABILITY = YES_AGGRESSIVE;
				CLANG_WARN_UNREACHABLE_CODE = YES;
				CLANG_WARN__DUPLICATE_METHOD_MATCH = YES;
				COPY_PHASE_STRIP = NO;
				DEBUG_INFORMATION_FORMAT = dwarf;
				ENABLE_STRICT_OBJC_MSGSEND = YES;
				ENABLE_TESTABILITY = YES;
				GCC_C_LANGUAGE_STANDARD = gnu11;
				GCC_DYNAMIC_NO_PIC = NO;
				GCC_NO_COMMON_BLOCKS = YES;
				GCC_OPTIMIZATION_LEVEL = 0;
				GCC_PREPROCESSOR_DEFINITIONS = (
					"DEBUG=1",
					"$(inherited)",
				);
				GCC_WARN_64_TO_32_BIT_CONVERSION = YES;
				GCC_WARN_ABOUT_RETURN_TYPE = YES_ERROR;
				GCC_WARN_UNDECLARED_SELECTOR = YES;
				GCC_WARN_UNINITIALIZED_AUTOS = YES_AGGRESSIVE;
				GCC_WARN_UNUSED_FUNCTION = YES;
				GCC_WARN_UNUSED_VARIABLE = YES;
				MTL_ENABLE_DEBUG_INFO = INCLUDE_SOURCE;
				MTL_FAST_MATH = YES;
				ONLY_ACTIVE_ARCH = YES;
				SWIFT_ACTIVE_COMPILATION_CONDITIONS = DEBUG;
				SWIFT_OPTIMIZATION_LEVEL = "-Onone";
			};
			name = Debug;
		};
		B517AA6E2929B844006D6579 /* Release */ = {
			isa = XCBuildConfiguration;
			buildSettings = {
				ALWAYS_SEARCH_USER_PATHS = NO;
				CLANG_ANALYZER_NONNULL = YES;
				CLANG_ANALYZER_NUMBER_OBJECT_CONVERSION = YES_AGGRESSIVE;
				CLANG_CXX_LANGUAGE_STANDARD = "gnu++20";
				CLANG_ENABLE_MODULES = YES;
				CLANG_ENABLE_OBJC_ARC = YES;
				CLANG_ENABLE_OBJC_WEAK = YES;
				CLANG_WARN_BLOCK_CAPTURE_AUTORELEASING = YES;
				CLANG_WARN_BOOL_CONVERSION = YES;
				CLANG_WARN_COMMA = YES;
				CLANG_WARN_CONSTANT_CONVERSION = YES;
				CLANG_WARN_DEPRECATED_OBJC_IMPLEMENTATIONS = YES;
				CLANG_WARN_DIRECT_OBJC_ISA_USAGE = YES_ERROR;
				CLANG_WARN_DOCUMENTATION_COMMENTS = YES;
				CLANG_WARN_EMPTY_BODY = YES;
				CLANG_WARN_ENUM_CONVERSION = YES;
				CLANG_WARN_INFINITE_RECURSION = YES;
				CLANG_WARN_INT_CONVERSION = YES;
				CLANG_WARN_NON_LITERAL_NULL_CONVERSION = YES;
				CLANG_WARN_OBJC_IMPLICIT_RETAIN_SELF = YES;
				CLANG_WARN_OBJC_LITERAL_CONVERSION = YES;
				CLANG_WARN_OBJC_ROOT_CLASS = YES_ERROR;
				CLANG_WARN_QUOTED_INCLUDE_IN_FRAMEWORK_HEADER = YES;
				CLANG_WARN_RANGE_LOOP_ANALYSIS = YES;
				CLANG_WARN_STRICT_PROTOTYPES = YES;
				CLANG_WARN_SUSPICIOUS_MOVE = YES;
				CLANG_WARN_UNGUARDED_AVAILABILITY = YES_AGGRESSIVE;
				CLANG_WARN_UNREACHABLE_CODE = YES;
				CLANG_WARN__DUPLICATE_METHOD_MATCH = YES;
				COPY_PHASE_STRIP = NO;
				DEBUG_INFORMATION_FORMAT = "dwarf-with-dsym";
				ENABLE_NS_ASSERTIONS = NO;
				ENABLE_STRICT_OBJC_MSGSEND = YES;
				GCC_C_LANGUAGE_STANDARD = gnu11;
				GCC_NO_COMMON_BLOCKS = YES;
				GCC_WARN_64_TO_32_BIT_CONVERSION = YES;
				GCC_WARN_ABOUT_RETURN_TYPE = YES_ERROR;
				GCC_WARN_UNDECLARED_SELECTOR = YES;
				GCC_WARN_UNINITIALIZED_AUTOS = YES_AGGRESSIVE;
				GCC_WARN_UNUSED_FUNCTION = YES;
				GCC_WARN_UNUSED_VARIABLE = YES;
				MTL_ENABLE_DEBUG_INFO = NO;
				MTL_FAST_MATH = YES;
				SWIFT_COMPILATION_MODE = wholemodule;
				SWIFT_OPTIMIZATION_LEVEL = "-O";
			};
			name = Release;
		};
		B517AA702929B844006D6579 /* Debug */ = {
			isa = XCBuildConfiguration;
			buildSettings = {
				ASSETCATALOG_COMPILER_APPICON_NAME = AppIcon;
				ASSETCATALOG_COMPILER_GLOBAL_ACCENT_COLOR_NAME = AccentColor;
				CODE_SIGN_ENTITLEMENTS = "";
				CODE_SIGN_STYLE = Automatic;
				CURRENT_PROJECT_VERSION = 1;
				DEVELOPMENT_ASSET_PATHS = "\"OpusAeries/Preview Content\"";
				DEVELOPMENT_TEAM = YMN3MW57X2;
				ENABLE_HARDENED_RUNTIME = YES;
				ENABLE_PREVIEWS = YES;
				GENERATE_INFOPLIST_FILE = YES;
				INFOPLIST_KEY_NSFaceIDUsageDescription = "Allow Face ID to access stored credentials";
				"INFOPLIST_KEY_UIApplicationSceneManifest_Generation[sdk=iphoneos*]" = YES;
				"INFOPLIST_KEY_UIApplicationSceneManifest_Generation[sdk=iphonesimulator*]" = YES;
				"INFOPLIST_KEY_UIApplicationSupportsIndirectInputEvents[sdk=iphoneos*]" = YES;
				"INFOPLIST_KEY_UIApplicationSupportsIndirectInputEvents[sdk=iphonesimulator*]" = YES;
				"INFOPLIST_KEY_UILaunchScreen_Generation[sdk=iphoneos*]" = YES;
				"INFOPLIST_KEY_UILaunchScreen_Generation[sdk=iphonesimulator*]" = YES;
				"INFOPLIST_KEY_UIStatusBarStyle[sdk=iphoneos*]" = UIStatusBarStyleDefault;
				"INFOPLIST_KEY_UIStatusBarStyle[sdk=iphonesimulator*]" = UIStatusBarStyleDefault;
				INFOPLIST_KEY_UISupportedInterfaceOrientations_iPad = "UIInterfaceOrientationPortrait UIInterfaceOrientationPortraitUpsideDown UIInterfaceOrientationLandscapeLeft UIInterfaceOrientationLandscapeRight";
				INFOPLIST_KEY_UISupportedInterfaceOrientations_iPhone = "UIInterfaceOrientationPortrait UIInterfaceOrientationLandscapeLeft UIInterfaceOrientationLandscapeRight";
				IPHONEOS_DEPLOYMENT_TARGET = 16.0;
				LD_RUNPATH_SEARCH_PATHS = "@executable_path/Frameworks";
				"LD_RUNPATH_SEARCH_PATHS[sdk=macosx*]" = "@executable_path/../Frameworks";
				MACOSX_DEPLOYMENT_TARGET = 13.0;
				MARKETING_VERSION = 1.0;
				PRODUCT_BUNDLE_IDENTIFIER = com.OpusAeries.OpusAeries;
				PRODUCT_NAME = "$(TARGET_NAME)";
				SDKROOT = auto;
				SUPPORTED_PLATFORMS = "iphoneos iphonesimulator";
				SUPPORTS_MACCATALYST = NO;
				SUPPORTS_MAC_DESIGNED_FOR_IPHONE_IPAD = NO;
				SWIFT_EMIT_LOC_STRINGS = YES;
				SWIFT_VERSION = 5.0;
				TARGETED_DEVICE_FAMILY = 1;
			};
			name = Debug;
		};
		B517AA712929B844006D6579 /* Release */ = {
			isa = XCBuildConfiguration;
			buildSettings = {
				ASSETCATALOG_COMPILER_APPICON_NAME = AppIcon;
				ASSETCATALOG_COMPILER_GLOBAL_ACCENT_COLOR_NAME = AccentColor;
				CODE_SIGN_ENTITLEMENTS = "";
				CODE_SIGN_STYLE = Automatic;
				CURRENT_PROJECT_VERSION = 1;
				DEVELOPMENT_ASSET_PATHS = "\"OpusAeries/Preview Content\"";
				DEVELOPMENT_TEAM = YMN3MW57X2;
				ENABLE_HARDENED_RUNTIME = YES;
				ENABLE_PREVIEWS = YES;
				GENERATE_INFOPLIST_FILE = YES;
				INFOPLIST_KEY_NSFaceIDUsageDescription = "Allow Face ID to access stored credentials";
				"INFOPLIST_KEY_UIApplicationSceneManifest_Generation[sdk=iphoneos*]" = YES;
				"INFOPLIST_KEY_UIApplicationSceneManifest_Generation[sdk=iphonesimulator*]" = YES;
				"INFOPLIST_KEY_UIApplicationSupportsIndirectInputEvents[sdk=iphoneos*]" = YES;
				"INFOPLIST_KEY_UIApplicationSupportsIndirectInputEvents[sdk=iphonesimulator*]" = YES;
				"INFOPLIST_KEY_UILaunchScreen_Generation[sdk=iphoneos*]" = YES;
				"INFOPLIST_KEY_UILaunchScreen_Generation[sdk=iphonesimulator*]" = YES;
				"INFOPLIST_KEY_UIStatusBarStyle[sdk=iphoneos*]" = UIStatusBarStyleDefault;
				"INFOPLIST_KEY_UIStatusBarStyle[sdk=iphonesimulator*]" = UIStatusBarStyleDefault;
				INFOPLIST_KEY_UISupportedInterfaceOrientations_iPad = "UIInterfaceOrientationPortrait UIInterfaceOrientationPortraitUpsideDown UIInterfaceOrientationLandscapeLeft UIInterfaceOrientationLandscapeRight";
				INFOPLIST_KEY_UISupportedInterfaceOrientations_iPhone = "UIInterfaceOrientationPortrait UIInterfaceOrientationLandscapeLeft UIInterfaceOrientationLandscapeRight";
				IPHONEOS_DEPLOYMENT_TARGET = 16.0;
				LD_RUNPATH_SEARCH_PATHS = "@executable_path/Frameworks";
				"LD_RUNPATH_SEARCH_PATHS[sdk=macosx*]" = "@executable_path/../Frameworks";
				MACOSX_DEPLOYMENT_TARGET = 13.0;
				MARKETING_VERSION = 1.0;
				PRODUCT_BUNDLE_IDENTIFIER = com.OpusAeries.OpusAeries;
				PRODUCT_NAME = "$(TARGET_NAME)";
				SDKROOT = auto;
				SUPPORTED_PLATFORMS = "iphoneos iphonesimulator";
				SUPPORTS_MACCATALYST = NO;
				SUPPORTS_MAC_DESIGNED_FOR_IPHONE_IPAD = NO;
				SWIFT_EMIT_LOC_STRINGS = YES;
				SWIFT_VERSION = 5.0;
				TARGETED_DEVICE_FAMILY = 1;
			};
			name = Release;
		};
/* End XCBuildConfiguration section */

/* Begin XCConfigurationList section */
		B517AA452929B843006D6579 /* Build configuration list for PBXProject "OpusAeries" */ = {
			isa = XCConfigurationList;
			buildConfigurations = (
				B517AA6D2929B844006D6579 /* Debug */,
				B517AA6E2929B844006D6579 /* Release */,
			);
			defaultConfigurationIsVisible = 0;
			defaultConfigurationName = Release;
		};
		B517AA6F2929B844006D6579 /* Build configuration list for PBXNativeTarget "OpusAeries" */ = {
			isa = XCConfigurationList;
			buildConfigurations = (
				B517AA702929B844006D6579 /* Debug */,
				B517AA712929B844006D6579 /* Release */,
			);
			defaultConfigurationIsVisible = 0;
			defaultConfigurationName = Release;
		};
/* End XCConfigurationList section */

/* Begin XCRemoteSwiftPackageReference section */
		42B44C762929E19700DB5771 /* XCRemoteSwiftPackageReference "AeriesKit" */ = {
			isa = XCRemoteSwiftPackageReference;
			repositoryURL = "https://github.com/Opus-Aeries/AeriesKit";
			requirement = {
				branch = main;
				kind = branch;
			};
		};
		42BCD927292B528600A257D1 /* XCRemoteSwiftPackageReference "Popovers" */ = {
			isa = XCRemoteSwiftPackageReference;
			repositoryURL = "https://github.com/aheze/Popovers";
			requirement = {
				kind = upToNextMajorVersion;
				minimumVersion = 1.0.0;
			};
		};
/* End XCRemoteSwiftPackageReference section */

/* Begin XCSwiftPackageProductDependency section */
		42B44C772929E19700DB5771 /* AeriesKit */ = {
			isa = XCSwiftPackageProductDependency;
			package = 42B44C762929E19700DB5771 /* XCRemoteSwiftPackageReference "AeriesKit" */;
			productName = AeriesKit;
		};
		42BCD928292B528600A257D1 /* Popovers */ = {
			isa = XCSwiftPackageProductDependency;
			package = 42BCD927292B528600A257D1 /* XCRemoteSwiftPackageReference "Popovers" */;
			productName = Popovers;
		};
/* End XCSwiftPackageProductDependency section */
	};
	rootObject = B517AA422929B843006D6579 /* Project object */;
}
